
Microsoft Visual Studio Solution File, Format Version 12.00
# Visual Studio Version 16
VisualStudioVersion = 16.0.31515.178
MinimumVisualStudioVersion = 10.0.40219.1
Project("{FAE04EC0-301F-11D3-BF4B-00C04F79EFBC}") = "Presentation", "ProductosApp\Presentation.csproj", "{A5EDBC99-6155-41C6-940E-69310BE825A6}"
EndProject
Project("{FAE04EC0-301F-11D3-BF4B-00C04F79EFBC}") = "Infraestructure", "Infraestructure\Infraestructure.csproj", "{BB42EFE9-A176-45AE-A910-9F5219B76E01}"
EndProject
Project("{FAE04EC0-301F-11D3-BF4B-00C04F79EFBC}") = "Domain", "Domain\Domain.csproj", "{FB3E6CA3-2184-49C5-B069-E1F06F58E4E7}"
EndProject
Global
	GlobalSection(SolutionConfigurationPlatforms) = preSolution
		Debug|Any CPU = Debug|Any CPU
		Release|Any CPU = Release|Any CPU
	EndGlobalSection
	GlobalSection(ProjectConfigurationPlatforms) = postSolution
		{A5EDBC99-6155-41C6-940E-69310BE825A6}.Debug|Any CPU.ActiveCfg = Debug|Any CPU
		{A5EDBC99-6155-41C6-940E-69310BE825A6}.Debug|Any CPU.Build.0 = Debug|Any CPU
		{A5EDBC99-6155-41C6-940E-69310BE825A6}.Release|Any CPU.ActiveCfg = Release|Any CPU
		{A5EDBC99-6155-41C6-940E-69310BE825A6}.Release|Any CPU.Build.0 = Release|Any CPU
		{BB42EFE9-A176-45AE-A910-9F5219B76E01}.Debug|Any CPU.ActiveCfg = Debug|Any CPU
		{BB42EFE9-A176-45AE-A910-9F5219B76E01}.Debug|Any CPU.Build.0 = Debug|Any CPU
		{BB42EFE9-A176-45AE-A910-9F5219B76E01}.Release|Any CPU.ActiveCfg = Release|Any CPU
		{BB42EFE9-A176-45AE-A910-9F5219B76E01}.Release|Any CPU.Build.0 = Release|Any CPU
		{FB3E6CA3-2184-49C5-B069-E1F06F58E4E7}.Debug|Any CPU.ActiveCfg = Debug|Any CPU
		{FB3E6CA3-2184-49C5-B069-E1F06F58E4E7}.Debug|Any CPU.Build.0 = Debug|Any CPU
		{FB3E6CA3-2184-49C5-B069-E1F06F58E4E7}.Release|Any CPU.ActiveCfg = Release|Any CPU
		{FB3E6CA3-2184-49C5-B069-E1F06F58E4E7}.Release|Any CPU.Build.0 = Release|Any CPU
	EndGlobalSection
	GlobalSection(SolutionProperties) = preSolution
		HideSolutionNode = FALSE
	EndGlobalSection
	GlobalSection(ExtensibilityGlobals) = postSolution
		SolutionGuid = {3542AF9F-3579-4BF3-A0BB-5432DD72473E}
	EndGlobalSection
EndGlobal
